---
mruby:
  version: 4.0.0
  release_no: 40000
  git_commit: ae17b1130f8413052380bdb0fbde26bdd46b28e3
builds:
  host:
    https://github.com/Asmod4n/mruby-c-ext-helpers.git:
      url: https://github.com/Asmod4n/mruby-c-ext-helpers.git
      branch: master
      commit: db8a39cbecdc6a753c8eb4ce14aff16f7273a29f
      version: 0.3.0
